
Microsoft Visual Studio Solution File, Format Version 12.00
# Visual Studio 15
VisualStudioVersion = 15.0.27130.2027
MinimumVisualStudioVersion = 10.0.40219.1
Project("{DA7A21FA-8162-4350-AD77-A8D1B671F3ED}") = "LogisticRegressionNeuralNetwork", "LogisticRegressionNeuralNetwork\LogisticRegressionNeuralNetwork.rxproj", "{1FEC9DFD-B094-41E0-83E9-F0640B527DC7}"
EndProject
Global
	GlobalSection(SolutionConfigurationPlatforms) = preSolution
		Debug|Any CPU = Debug|Any CPU
		Release|Any CPU = Release|Any CPU
	EndGlobalSection
	GlobalSection(ProjectConfigurationPlatforms) = postSolution
		{1FEC9DFD-B094-41E0-83E9-F0640B527DC7}.Debug|Any CPU.ActiveCfg = Debug|Any CPU
		{1FEC9DFD-B094-41E0-83E9-F0640B527DC7}.Debug|Any CPU.Build.0 = Debug|Any CPU
		{1FEC9DFD-B094-41E0-83E9-F0640B527DC7}.Release|Any CPU.ActiveCfg = Release|Any CPU
		{1FEC9DFD-B094-41E0-83E9-F0640B527DC7}.Release|Any CPU.Build.0 = Release|Any CPU
	EndGlobalSection
	GlobalSection(SolutionProperties) = preSolution
		HideSolutionNode = FALSE
	EndGlobalSection
	GlobalSection(ExtensibilityGlobals) = postSolution
		SolutionGuid = {60F6F2D6-6582-49D6-8E28-7109FA58ECA8}
	EndGlobalSection
EndGlobal
